
Microsoft Visual Studio Solution File, Format Version 12.00
# Visual Studio 15
VisualStudioVersion = 15.0.27703.2018
MinimumVisualStudioVersion = 10.0.40219.1
Project("{FAE04EC0-301F-11D3-BF4B-00C04F79EFBC}") = "PPTGenWFCLib", "PPTGenWFCLib\PPTGenWFCLib.csproj", "{7528B241-D3FE-40D2-949F-951EA7C76BA3}"
EndProject
Project("{54435603-DBB4-11D2-8724-00A0C9A8B90C}") = "Setup1", "Setup1\Setup1.vdproj", "{2B531341-D4FC-4EA3-98E0-4C6E058CB56F}"
EndProject
Global
	GlobalSection(SolutionConfigurationPlatforms) = preSolution
		Debug|Any CPU = Debug|Any CPU
		Release|Any CPU = Release|Any CPU
	EndGlobalSection
	GlobalSection(ProjectConfigurationPlatforms) = postSolution
		{7528B241-D3FE-40D2-949F-951EA7C76BA3}.Debug|Any CPU.ActiveCfg = Debug|Any CPU
		{7528B241-D3FE-40D2-949F-951EA7C76BA3}.Debug|Any CPU.Build.0 = Debug|Any CPU
		{7528B241-D3FE-40D2-949F-951EA7C76BA3}.Release|Any CPU.ActiveCfg = Release|Any CPU
		{7528B241-D3FE-40D2-949F-951EA7C76BA3}.Release|Any CPU.Build.0 = Release|Any CPU
		{2B531341-D4FC-4EA3-98E0-4C6E058CB56F}.Debug|Any CPU.ActiveCfg = Debug
		{2B531341-D4FC-4EA3-98E0-4C6E058CB56F}.Release|Any CPU.ActiveCfg = Release
	EndGlobalSection
	GlobalSection(SolutionProperties) = preSolution
		HideSolutionNode = FALSE
	EndGlobalSection
	GlobalSection(ExtensibilityGlobals) = postSolution
		SolutionGuid = {2D8720D1-466D-4EB4-A544-DD33E020336A}
	EndGlobalSection
EndGlobal
